
Microsoft Visual Studio Solution File, Format Version 12.00
# Visual Studio for Mac
Project("{FAE04EC0-301F-11D3-BF4B-00C04F79EFBC}") = "chat tutorial", "Assembly-CSharp.csproj", "{479173DE-C9AD-041C-6495-9F85CC693F88}"
EndProject
Global
	GlobalSection(SolutionConfigurationPlatforms) = preSolution
		Debug|Any CPU = Debug|Any CPU
		Release|Any CPU = Release|Any CPU
	EndGlobalSection
	GlobalSection(ProjectConfigurationPlatforms) = postSolution
		{479173DE-C9AD-041C-6495-9F85CC693F88}.Debug|Any CPU.ActiveCfg = Debug|Any CPU
		{479173DE-C9AD-041C-6495-9F85CC693F88}.Debug|Any CPU.Build.0 = Debug|Any CPU
		{479173DE-C9AD-041C-6495-9F85CC693F88}.Release|Any CPU.ActiveCfg = Release|Any CPU
		{479173DE-C9AD-041C-6495-9F85CC693F88}.Release|Any CPU.Build.0 = Release|Any CPU
	EndGlobalSection
	GlobalSection(SolutionProperties) = preSolution
		HideSolutionNode = FALSE
	EndGlobalSection
EndGlobal
